
Microsoft Visual Studio Solution File, Format Version 12.00
# Visual Studio 2013
VisualStudioVersion = 12.0.21005.1
MinimumVisualStudioVersion = 10.0.40219.1
Project("{FAE04EC0-301F-11D3-BF4B-00C04F79EFBC}") = "02_FractionCalculator", "02_FractionCalculator\02_FractionCalculator.csproj", "{C5145C38-00A7-49E5-9560-C71EE2448CD5}"
EndProject
Project("{FAE04EC0-301F-11D3-BF4B-00C04F79EFBC}") = "01_GalacticGPS", "01_GalacticGPS\01_GalacticGPS.csproj", "{7A949B37-DA5A-49CC-AB7B-4BE74E67A02F}"
EndProject
Project("{FAE04EC0-301F-11D3-BF4B-00C04F79EFBC}") = "03_GenericList", "03_GenericList\03_GenericList.csproj", "{6FB834BD-1657-462E-8CE5-36B1F591DA59}"
EndProject
Project("{FAE04EC0-301F-11D3-BF4B-00C04F79EFBC}") = "04_GenericListVersion", "04_GenericListVersion\04_GenericListVersion.csproj", "{F8F4069C-636B-47EB-97DB-A2AB9038115F}"
EndProject
Global
	GlobalSection(SolutionConfigurationPlatforms) = preSolution
		Debug|Any CPU = Debug|Any CPU
		Release|Any CPU = Release|Any CPU
	EndGlobalSection
	GlobalSection(ProjectConfigurationPlatforms) = postSolution
		{C5145C38-00A7-49E5-9560-C71EE2448CD5}.Debug|Any CPU.ActiveCfg = Debug|Any CPU
		{C5145C38-00A7-49E5-9560-C71EE2448CD5}.Debug|Any CPU.Build.0 = Debug|Any CPU
		{C5145C38-00A7-49E5-9560-C71EE2448CD5}.Release|Any CPU.ActiveCfg = Release|Any CPU
		{C5145C38-00A7-49E5-9560-C71EE2448CD5}.Release|Any CPU.Build.0 = Release|Any CPU
		{7A949B37-DA5A-49CC-AB7B-4BE74E67A02F}.Debug|Any CPU.ActiveCfg = Debug|Any CPU
		{7A949B37-DA5A-49CC-AB7B-4BE74E67A02F}.Debug|Any CPU.Build.0 = Debug|Any CPU
		{7A949B37-DA5A-49CC-AB7B-4BE74E67A02F}.Release|Any CPU.ActiveCfg = Release|Any CPU
		{7A949B37-DA5A-49CC-AB7B-4BE74E67A02F}.Release|Any CPU.Build.0 = Release|Any CPU
		{6FB834BD-1657-462E-8CE5-36B1F591DA59}.Debug|Any CPU.ActiveCfg = Debug|Any CPU
		{6FB834BD-1657-462E-8CE5-36B1F591DA59}.Debug|Any CPU.Build.0 = Debug|Any CPU
		{6FB834BD-1657-462E-8CE5-36B1F591DA59}.Release|Any CPU.ActiveCfg = Release|Any CPU
		{6FB834BD-1657-462E-8CE5-36B1F591DA59}.Release|Any CPU.Build.0 = Release|Any CPU
		{F8F4069C-636B-47EB-97DB-A2AB9038115F}.Debug|Any CPU.ActiveCfg = Debug|Any CPU
		{F8F4069C-636B-47EB-97DB-A2AB9038115F}.Debug|Any CPU.Build.0 = Debug|Any CPU
		{F8F4069C-636B-47EB-97DB-A2AB9038115F}.Release|Any CPU.ActiveCfg = Release|Any CPU
		{F8F4069C-636B-47EB-97DB-A2AB9038115F}.Release|Any CPU.Build.0 = Release|Any CPU
	EndGlobalSection
	GlobalSection(SolutionProperties) = preSolution
		HideSolutionNode = FALSE
	EndGlobalSection
EndGlobal
